
Microsoft Visual Studio Solution File, Format Version 12.00
# Visual Studio 15
VisualStudioVersion = 15.0.27130.2026
MinimumVisualStudioVersion = 10.0.40219.1
Project("{8BC9CEB8-8B4A-11D0-8D11-00A0C91BC942}") = "libevent-demo", "libevent-demo\libevent-demo.vcxproj", "{25BEA2C9-19B7-486E-98ED-C0D2E1B57E89}"
EndProject
Global
	GlobalSection(SolutionConfigurationPlatforms) = preSolution
		Debug|x64 = Debug|x64
		Debug|x86 = Debug|x86
		Release|x64 = Release|x64
		Release|x86 = Release|x86
	EndGlobalSection
	GlobalSection(ProjectConfigurationPlatforms) = postSolution
		{25BEA2C9-19B7-486E-98ED-C0D2E1B57E89}.Debug|x64.ActiveCfg = Debug|x64
		{25BEA2C9-19B7-486E-98ED-C0D2E1B57E89}.Debug|x64.Build.0 = Debug|x64
		{25BEA2C9-19B7-486E-98ED-C0D2E1B57E89}.Debug|x86.ActiveCfg = Debug|Win32
		{25BEA2C9-19B7-486E-98ED-C0D2E1B57E89}.Debug|x86.Build.0 = Debug|Win32
		{25BEA2C9-19B7-486E-98ED-C0D2E1B57E89}.Release|x64.ActiveCfg = Release|x64
		{25BEA2C9-19B7-486E-98ED-C0D2E1B57E89}.Release|x64.Build.0 = Release|x64
		{25BEA2C9-19B7-486E-98ED-C0D2E1B57E89}.Release|x86.ActiveCfg = Release|Win32
		{25BEA2C9-19B7-486E-98ED-C0D2E1B57E89}.Release|x86.Build.0 = Release|Win32
	EndGlobalSection
	GlobalSection(SolutionProperties) = preSolution
		HideSolutionNode = FALSE
	EndGlobalSection
	GlobalSection(ExtensibilityGlobals) = postSolution
		SolutionGuid = {EC79B6DD-CB8B-4D9F-9084-7EE7E74EB99D}
	EndGlobalSection
EndGlobal
