<?xml version="1.0" encoding="utf-8"?>
<Project ToolsVersion="4.0" xmlns="http://schemas.microsoft.com/developer/msbuild/2003">
  <ItemGroup>
    <ClCompile Include="libevent-demo.cpp" />
    <ClCompile Include="stdafx.cpp" />
    <ClCompile Include="..\libevent\src\buffer.c">
      <Filter>libevent</Filter>
    </ClCompile>
    <ClCompile Include="..\libevent\src\buffer_iocp.c">
      <Filter>libevent</Filter>
    </ClCompile>
    <ClCompile Include="..\libevent\src\bufferevent.c">
      <Filter>libevent</Filter>
    </ClCompile>
    <ClCompile Include="..\libevent\src\bufferevent_async.c">
      <Filter>libevent</Filter>
    </ClCompile>
    <ClCompile Include="..\libevent\src\bufferevent_filter.c">
      <Filter>libevent</Filter>
    </ClCompile>
    <ClCompile Include="..\libevent\src\bufferevent_pair.c">
      <Filter>libevent</Filter>
    </ClCompile>
    <ClCompile Include="..\libevent\src\bufferevent_ratelim.c">
      <Filter>libevent</Filter>
    </ClCompile>
    <ClCompile Include="..\libevent\src\bufferevent_sock.c">
      <Filter>libevent</Filter>
    </ClCompile>
    <ClCompile Include="..\libevent\src\devpoll.c">
      <Filter>libevent</Filter>
    </ClCompile>
    <ClCompile Include="..\libevent\src\epoll.c">
      <Filter>libevent</Filter>
    </ClCompile>
    <ClCompile Include="..\libevent\src\evdns.c">
      <Filter>libevent</Filter>
    </ClCompile>
    <ClCompile Include="..\libevent\src\event.c">
      <Filter>libevent</Filter>
    </ClCompile>
    <ClCompile Include="..\libevent\src\event_iocp.c">
      <Filter>libevent</Filter>
    </ClCompile>
    <ClCompile Include="..\libevent\src\event_tagging.c">
      <Filter>libevent</Filter>
    </ClCompile>
    <ClCompile Include="..\libevent\src\evmap.c">
      <Filter>libevent</Filter>
    </ClCompile>
    <ClCompile Include="..\libevent\src\evport.c">
      <Filter>libevent</Filter>
    </ClCompile>
    <ClCompile Include="..\libevent\src\evrpc.c">
      <Filter>libevent</Filter>
    </ClCompile>
    <ClCompile Include="..\libevent\src\evthread.c">
      <Filter>libevent</Filter>
    </ClCompile>
    <ClCompile Include="..\libevent\src\evthread_win32.c">
      <Filter>libevent</Filter>
    </ClCompile>
    <ClCompile Include="..\libevent\src\evutil.c">
      <Filter>libevent</Filter>
    </ClCompile>
    <ClCompile Include="..\libevent\src\evutil_rand.c">
      <Filter>libevent</Filter>
    </ClCompile>
    <ClCompile Include="..\libevent\src\evutil_time.c">
      <Filter>libevent</Filter>
    </ClCompile>
    <ClCompile Include="..\libevent\src\http.c">
      <Filter>libevent</Filter>
    </ClCompile>
    <ClCompile Include="..\libevent\src\kqueue.c">
      <Filter>libevent</Filter>
    </ClCompile>
    <ClCompile Include="..\libevent\src\listener.c">
      <Filter>libevent</Filter>
    </ClCompile>
    <ClCompile Include="..\libevent\src\log.c">
      <Filter>libevent</Filter>
    </ClCompile>
    <ClCompile Include="..\libevent\src\poll.c">
      <Filter>libevent</Filter>
    </ClCompile>
    <ClCompile Include="..\libevent\src\select.c">
      <Filter>libevent</Filter>
    </ClCompile>
    <ClCompile Include="..\libevent\src\signal.c">
      <Filter>libevent</Filter>
    </ClCompile>
    <ClCompile Include="..\libevent\src\strlcpy.c">
      <Filter>libevent</Filter>
    </ClCompile>
    <ClCompile Include="..\libevent\src\win32select.c">
      <Filter>libevent</Filter>
    </ClCompile>
  </ItemGroup>
  <ItemGroup>
    <ClInclude Include="stdafx.h" />
    <ClInclude Include="targetver.h" />
    <ClInclude Include="..\libevent\src\evdns.h">
      <Filter>libevent</Filter>
    </ClInclude>
    <ClInclude Include="..\libevent\src\event.h">
      <Filter>libevent</Filter>
    </ClInclude>
  </ItemGroup>
  <ItemGroup>
    <Filter Include="libevent">
      <UniqueIdentifier>{de968d9f-c42b-462e-8b09-ce8b28f38461}</UniqueIdentifier>
    </Filter>
  </ItemGroup>
</Project>